{
  "requires": true,
  "lockfileVersion": 1,
  "dependencies": {
    "fuse.js": {
      "version": "5.0.7-beta",
      "resolved": "https://registry.npmjs.org/fuse.js/-/fuse.js-5.0.7-beta.tgz",
      "integrity": "sha512-uiOVaHR69aXAHU1dUvFuOyK2qteiPQ4RJX4I0B1vHzuSCpSLRgzBgGc0XyOlrMIk2hKqJh45VSrnI3WtpvUeAg=="
    }
  }
}
